
Microsoft Visual Studio Solution File, Format Version 12.00
# Visual Studio Version 17
VisualStudioVersion = 17.10.35027.167
MinimumVisualStudioVersion = 10.0.40219.1
Project("{9A19103F-16F7-4668-BE54-9A1E7A4F7556}") = "Docotic.Tests", "Docotic.Tests\Docotic.Tests.csproj", "{940519D1-46F7-4F57-89BB-1079C84D7A0A}"
	ProjectSection(ProjectDependencies) = postProject
		{B1FC6A36-02B4-464F-B27B-339121E1950E} = {B1FC6A36-02B4-464F-B27B-339121E1950E}
	EndProjectSection
EndProject
Project("{FAE04EC0-301F-11D3-BF4B-00C04F79EFBC}") = "AotCompatibility", "AotCompatibility\AotCompatibility.csproj", "{B1FC6A36-02B4-464F-B27B-339121E1950E}"
EndProject
Global
	GlobalSection(SolutionConfigurationPlatforms) = preSolution
		Debug|Any CPU = Debug|Any CPU
		Release|Any CPU = Release|Any CPU
	EndGlobalSection
	GlobalSection(ProjectConfigurationPlatforms) = postSolution
		{940519D1-46F7-4F57-89BB-1079C84D7A0A}.Debug|Any CPU.ActiveCfg = Debug|Any CPU
		{940519D1-46F7-4F57-89BB-1079C84D7A0A}.Debug|Any CPU.Build.0 = Debug|Any CPU
		{940519D1-46F7-4F57-89BB-1079C84D7A0A}.Release|Any CPU.ActiveCfg = Release|Any CPU
		{940519D1-46F7-4F57-89BB-1079C84D7A0A}.Release|Any CPU.Build.0 = Release|Any CPU
		{B1FC6A36-02B4-464F-B27B-339121E1950E}.Debug|Any CPU.ActiveCfg = Debug|Any CPU
		{B1FC6A36-02B4-464F-B27B-339121E1950E}.Debug|Any CPU.Build.0 = Debug|Any CPU
		{B1FC6A36-02B4-464F-B27B-339121E1950E}.Release|Any CPU.ActiveCfg = Release|Any CPU
		{B1FC6A36-02B4-464F-B27B-339121E1950E}.Release|Any CPU.Build.0 = Release|Any CPU
	EndGlobalSection
	GlobalSection(SolutionProperties) = preSolution
		HideSolutionNode = FALSE
	EndGlobalSection
	GlobalSection(ExtensibilityGlobals) = postSolution
		SolutionGuid = {0F5FFC90-E40F-4A98-829C-59344B5EFBD6}
	EndGlobalSection
EndGlobal
