
Microsoft Visual Studio Solution File, Format Version 12.00
# Visual Studio Version 18
VisualStudioVersion = 18.1.11312.151 d18.0
MinimumVisualStudioVersion = 10.0.40219.1
Project("{FAE04EC0-301F-11D3-BF4B-00C04F79EFBC}") = "ConvertAspxToPdf", "ConvertAspxToPdf.csproj", "{551D3D9C-0754-4298-A548-287EEC615ACC}"
EndProject
Global
	GlobalSection(SolutionConfigurationPlatforms) = preSolution
		Debug|Any CPU = Debug|Any CPU
		Release|Any CPU = Release|Any CPU
	EndGlobalSection
	GlobalSection(ProjectConfigurationPlatforms) = postSolution
		{551D3D9C-0754-4298-A548-287EEC615ACC}.Debug|Any CPU.ActiveCfg = Debug|Any CPU
		{551D3D9C-0754-4298-A548-287EEC615ACC}.Debug|Any CPU.Build.0 = Debug|Any CPU
		{551D3D9C-0754-4298-A548-287EEC615ACC}.Release|Any CPU.ActiveCfg = Release|Any CPU
		{551D3D9C-0754-4298-A548-287EEC615ACC}.Release|Any CPU.Build.0 = Release|Any CPU
	EndGlobalSection
	GlobalSection(SolutionProperties) = preSolution
		HideSolutionNode = FALSE
	EndGlobalSection
	GlobalSection(ExtensibilityGlobals) = postSolution
		SolutionGuid = {62CCAD5C-627D-48CD-B001-3D0D97AA8982}
	EndGlobalSection
EndGlobal
